
Microsoft Visual Studio Solution File, Format Version 12.00
# Visual Studio Version 17
VisualStudioVersion = 17.3.32922.545
MinimumVisualStudioVersion = 10.0.40219.1
Project("{FAE04EC0-301F-11D3-BF4B-00C04F79EFBC}") = "LowLevelClientPacket", "LowLevelClientPacket.csproj", "{AC417C27-BDCA-4091-8F37-1A2DD88036FB}"
EndProject
Global
	GlobalSection(SolutionConfigurationPlatforms) = preSolution
		Debug|Any CPU = Debug|Any CPU
		Release|Any CPU = Release|Any CPU
	EndGlobalSection
	GlobalSection(ProjectConfigurationPlatforms) = postSolution
		{AC417C27-BDCA-4091-8F37-1A2DD88036FB}.Debug|Any CPU.ActiveCfg = Debug|Any CPU
		{AC417C27-BDCA-4091-8F37-1A2DD88036FB}.Debug|Any CPU.Build.0 = Debug|Any CPU
		{AC417C27-BDCA-4091-8F37-1A2DD88036FB}.Release|Any CPU.ActiveCfg = Release|Any CPU
		{AC417C27-BDCA-4091-8F37-1A2DD88036FB}.Release|Any CPU.Build.0 = Release|Any CPU
	EndGlobalSection
	GlobalSection(SolutionProperties) = preSolution
		HideSolutionNode = FALSE
	EndGlobalSection
	GlobalSection(ExtensibilityGlobals) = postSolution
		SolutionGuid = {70C9F632-5DB2-43F8-82EB-23B1664FB240}
	EndGlobalSection
EndGlobal
